
Microsoft Visual Studio Solution File, Format Version 12.00
# Visual Studio Version 17
VisualStudioVersion = 17.1.32210.238
MinimumVisualStudioVersion = 10.0.40219.1
Project("{FAE04EC0-301F-11D3-BF4B-00C04F79EFBC}") = "Exercicio6", "Exercicio6\Exercicio6.csproj", "{EBD2705C-1862-44F2-B086-67F708579559}"
EndProject
Global
	GlobalSection(SolutionConfigurationPlatforms) = preSolution
		Debug|Any CPU = Debug|Any CPU
		Release|Any CPU = Release|Any CPU
	EndGlobalSection
	GlobalSection(ProjectConfigurationPlatforms) = postSolution
		{EBD2705C-1862-44F2-B086-67F708579559}.Debug|Any CPU.ActiveCfg = Debug|Any CPU
		{EBD2705C-1862-44F2-B086-67F708579559}.Debug|Any CPU.Build.0 = Debug|Any CPU
		{EBD2705C-1862-44F2-B086-67F708579559}.Release|Any CPU.ActiveCfg = Release|Any CPU
		{EBD2705C-1862-44F2-B086-67F708579559}.Release|Any CPU.Build.0 = Release|Any CPU
	EndGlobalSection
	GlobalSection(SolutionProperties) = preSolution
		HideSolutionNode = FALSE
	EndGlobalSection
	GlobalSection(ExtensibilityGlobals) = postSolution
		SolutionGuid = {A4D066B6-BFEE-4F0E-B7C3-CBBFAF8FEEEC}
	EndGlobalSection
EndGlobal
