
Microsoft Visual Studio Solution File, Format Version 12.00
# Visual Studio Version 17
VisualStudioVersion = 17.1.32210.238
MinimumVisualStudioVersion = 10.0.40219.1
Project("{FAE04EC0-301F-11D3-BF4B-00C04F79EFBC}") = "Exercicio8", "Exercicio8\Exercicio8.csproj", "{1D56315C-C257-48CD-AEC1-C89FBE4796F8}"
EndProject
Global
	GlobalSection(SolutionConfigurationPlatforms) = preSolution
		Debug|Any CPU = Debug|Any CPU
		Release|Any CPU = Release|Any CPU
	EndGlobalSection
	GlobalSection(ProjectConfigurationPlatforms) = postSolution
		{1D56315C-C257-48CD-AEC1-C89FBE4796F8}.Debug|Any CPU.ActiveCfg = Debug|Any CPU
		{1D56315C-C257-48CD-AEC1-C89FBE4796F8}.Debug|Any CPU.Build.0 = Debug|Any CPU
		{1D56315C-C257-48CD-AEC1-C89FBE4796F8}.Release|Any CPU.ActiveCfg = Release|Any CPU
		{1D56315C-C257-48CD-AEC1-C89FBE4796F8}.Release|Any CPU.Build.0 = Release|Any CPU
	EndGlobalSection
	GlobalSection(SolutionProperties) = preSolution
		HideSolutionNode = FALSE
	EndGlobalSection
	GlobalSection(ExtensibilityGlobals) = postSolution
		SolutionGuid = {AF708C22-59F8-4BDA-A1A7-701CB7E38CFC}
	EndGlobalSection
EndGlobal
